<?xml version="1.0" encoding="utf-8"?>
<Project ToolsVersion="4.0" xmlns="http://schemas.microsoft.com/developer/msbuild/2003">
  <ItemGroup>
    <Filter Include="Source Files">
      <UniqueIdentifier>{4FC737F1-C7A5-4376-A066-2A32D752A2FF}</UniqueIdentifier>
      <Extensions>cpp;c;cc;cxx;def;odl;idl;hpj;bat;asm;asmx</Extensions>
    </Filter>
    <Filter Include="Header Files">
      <UniqueIdentifier>{93995380-89BD-4b04-88EB-625FBE52EBFB}</UniqueIdentifier>
      <Extensions>h;hh;hpp;hxx;hm;inl;inc;xsd</Extensions>
    </Filter>
    <Filter Include="Resource Files">
      <UniqueIdentifier>{67DA6AB6-F800-4c08-8B7A-83BB121AAD01}</UniqueIdentifier>
      <Extensions>rc;ico;cur;bmp;dlg;rc2;rct;bin;rgs;gif;jpg;jpeg;jpe;resx;tiff;tif;png;wav;mfcribbon-ms</Extensions>
    </Filter>
    <Filter Include="designPattern">
      <UniqueIdentifier>{952aa74b-f929-454e-ad9e-d47929ef5884}</UniqueIdentifier>
    </Filter>
    <Filter Include="designPattern\include">
      <UniqueIdentifier>{ac50dfbd-bd01-4cf5-a7b3-4a925550c005}</UniqueIdentifier>
    </Filter>
    <Filter Include="designPattern\src">
      <UniqueIdentifier>{26e0f8ac-b92f-4c60-b38e-c0ecd0e6665f}</UniqueIdentifier>
    </Filter>
  </ItemGroup>
  <ItemGroup>
    <ClCompile Include="main.cpp">
      <Filter>Source Files</Filter>
    </ClCompile>
    <ClCompile Include="testString.cpp">
      <Filter>Source Files</Filter>
    </ClCompile>
    <ClCompile Include="Macro.cpp">
      <Filter>Source Files</Filter>
    </ClCompile>
    <ClCompile Include="commonTools.cpp">
      <Filter>Source Files</Filter>
    </ClCompile>
    <ClCompile Include="infixToPostfix.cpp">
      <Filter>Source Files</Filter>
    </ClCompile>
    <ClCompile Include="container.cpp">
      <Filter>Source Files</Filter>
    </ClCompile>
    <ClCompile Include="filePath.cpp">
      <Filter>Source Files</Filter>
    </ClCompile>
    <ClCompile Include="time.cpp">
      <Filter>Source Files</Filter>
    </ClCompile>
    <ClCompile Include="dump.cpp">
      <Filter>Source Files</Filter>
    </ClCompile>
    <ClCompile Include="singleton.cpp">
      <Filter>designPattern\src</Filter>
    </ClCompile>
    <ClCompile Include="gtestExp.cpp">
      <Filter>Source Files</Filter>
    </ClCompile>
  </ItemGroup>
  <ItemGroup>
    <ClInclude Include="testString.h">
      <Filter>Header Files</Filter>
    </ClInclude>
    <ClInclude Include="Macro.h">
      <Filter>Header Files</Filter>
    </ClInclude>
    <ClInclude Include="commonTools.h">
      <Filter>Header Files</Filter>
    </ClInclude>
    <ClInclude Include="infixToPostfix.h">
      <Filter>Header Files</Filter>
    </ClInclude>
    <ClInclude Include="Container.h">
      <Filter>Header Files</Filter>
    </ClInclude>
    <ClInclude Include="filePath.h">
      <Filter>Header Files</Filter>
    </ClInclude>
    <ClInclude Include="time.h">
      <Filter>Header Files</Filter>
    </ClInclude>
    <ClInclude Include="dump.h">
      <Filter>Header Files</Filter>
    </ClInclude>
    <ClInclude Include="singleton.h">
      <Filter>designPattern\include</Filter>
    </ClInclude>
  </ItemGroup>
</Project>